
Microsoft Visual Studio Solution File, Format Version 12.00
# Visual Studio Version 16
VisualStudioVersion = 16.0.32126.315
MinimumVisualStudioVersion = 10.0.40219.1
Project("{FAE04EC0-301F-11D3-BF4B-00C04F79EFBC}") = "P129HomeWork6", "P129HomeWork6.csproj", "{C2EE87B2-34A2-4561-8E6A-F5D615F21E24}"
EndProject
Global
	GlobalSection(SolutionConfigurationPlatforms) = preSolution
		Debug|Any CPU = Debug|Any CPU
		Release|Any CPU = Release|Any CPU
	EndGlobalSection
	GlobalSection(ProjectConfigurationPlatforms) = postSolution
		{C2EE87B2-34A2-4561-8E6A-F5D615F21E24}.Debug|Any CPU.ActiveCfg = Debug|Any CPU
		{C2EE87B2-34A2-4561-8E6A-F5D615F21E24}.Debug|Any CPU.Build.0 = Debug|Any CPU
		{C2EE87B2-34A2-4561-8E6A-F5D615F21E24}.Release|Any CPU.ActiveCfg = Release|Any CPU
		{C2EE87B2-34A2-4561-8E6A-F5D615F21E24}.Release|Any CPU.Build.0 = Release|Any CPU
	EndGlobalSection
	GlobalSection(SolutionProperties) = preSolution
		HideSolutionNode = FALSE
	EndGlobalSection
	GlobalSection(ExtensibilityGlobals) = postSolution
		SolutionGuid = {5D5FBFDA-0EE3-4419-B283-578A29B480B8}
	EndGlobalSection
EndGlobal
